# THIS IS AN AUTOGENERATED FILE. DO NOT EDIT THIS FILE DIRECTLY.
# yarn lockfile v1


babel-cli@^6.24.1:
  version "6.24.1"
  resolved "https://registry.yarnpkg.com/babel-cli/-/babel-cli-6.24.1.tgz#207cd705bba61489b2ea41b5312341cf6aca2283"
  dependencies:
    babel-core "^6.24.1"
    babel-polyfill "^6.23.0"
    babel-register "^6.24.1"
    babel-runtime "^6.22.0"
    commander "^2.8.1"
    convert-source-map "^1.1.0"
    fs-readdir-recursive "^1.0.0"
    glob "^7.0.0"
    lodash "^4.2.0"
    output-file-sync "^1.1.0"
    path-is-absolute "^1.0.0"
    slash "^1.0.0"
    source-map "^0.5.0"
    v8flags "^2.0.10"
  optionalDependencies:
    chokidar "^1.6.1"

babel-core@^6.24.1:
  version "6.24.1"
  resolved "https://registry.yarnpkg.com/babel-core/-/babel-core-6.24.1.tgz#8c428564dce1e1f41fb337ec34f4c3b022b5ad83"
  dependencies:
    babel-code-frame "^6.22.0"
    babel-generator "^6.24.1"
    babel-helpers "^6.24.1"
    babel-messages "^6.23.0"
    babel-register "^6.24.1"
    babel-runtime "^6.22.0"
    babel-template "^6.24.1"
    babel-traverse "^6.24.1"
    babel-types "^6.24.1"
    babylon "^6.11.0"
    convert-source-map "^1.1.0"
    debug "^2.1.1"
    json5 "^0.5.0"
    lodash "^4.2.0"
    minimatch "^3.0.2"
    path-is-absolute "^1.0.0"
    private "^0.1.6"
    slash "^1.0.0"
    source-map "^0.5.0"

babel-eslint@^7.2.3:
  version "7.2.3"
  resolved "https://registry.yarnpkg.com/babel-eslint/-/babel-eslint-7.2.3.tgz#b2fe2d80126470f5c19442dc757253a897710827"
  dependencies:
    babel-code-frame "^6.22.0"
    babel-traverse "^6.23.1"
    babel-types "^6.23.0"
    babylon "^6.17.0"

babel-preset-env@^1.5.1:
  version "1.5.1"
  resolved "https://registry.yarnpkg.com/babel-preset-env/-/babel-preset-env-1.5.1.tgz#d2eca6af179edf27cdc305a84820f601b456dd0b"
  dependencies:
    babel-plugin-check-es2015-constants "^6.22.0"
    babel-plugin-syntax-trailing-function-commas "^6.22.0"
    babel-plugin-transform-async-to-generator "^6.22.0"
    babel-plugin-transform-es2015-arrow-functions "^6.22.0"
    babel-plugin-transform-es2015-block-scoped-functions "^6.22.0"
    babel-plugin-transform-es2015-block-scoping "^6.23.0"
    babel-plugin-transform-es2015-classes "^6.23.0"
    babel-plugin-transform-es2015-computed-properties "^6.22.0"
    babel-plugin-transform-es2015-destructuring "^6.23.0"
    babel-plugin-transform-es2015-duplicate-keys "^6.22.0"
    babel-plugin-transform-es2015-for-of "^6.23.0"
    babel-plugin-transform-es2015-function-name "^6.22.0"
    babel-plugin-transform-es2015-literals "^6.22.0"
    babel-plugin-transform-es2015-modules-amd "^6.22.0"
    babel-plugin-transform-es2015-modules-commonjs "^6.23.0"
    babel-plugin-transform-es2015-modules-systemjs "^6.23.0"
    babel-plugin-transform-es2015-modules-umd "^6.23.0"
    babel-plugin-transform-es2015-object-super "^6.22.0"
    babel-plugin-transform-es2015-parameters "^6.23.0"
    babel-plugin-transform-es2015-shorthand-properties "^6.22.0"
    babel-plugin-transform-es2015-spread "^6.22.0"
    babel-plugin-transform-es2015-sticky-regex "^6.22.0"
    babel-plugin-transform-es2015-template-literals "^6.22.0"
    babel-plugin-transform-es2015-typeof-symbol "^6.23.0"
    babel-plugin-transform-es2015-unicode-regex "^6.22.0"
    babel-plugin-transform-exponentiation-operator "^6.22.0"
    babel-plugin-transform-regenerator "^6.22.0"
    browserslist "^2.1.2"
    invariant "^2.2.2"
    semver "^5.3.0"

babel-preset-latest@^6.24.1:
  version "6.24.1"
  resolved "https://registry.yarnpkg.com/babel-preset-latest/-/babel-preset-latest-6.24.1.tgz#677de069154a7485c2d25c577c02f624b85b85e8"
  dependencies:
    babel-preset-es2015 "^6.24.1"
    babel-preset-es2016 "^6.24.1"
    babel-preset-es2017 "^6.24.1"

babel-preset-node@^5.1.1:
  version "5.1.1"
  resolved "https://registry.yarnpkg.com/babel-preset-node/-/babel-preset-node-5.1.1.tgz#3d2b2a451b8fa101e08f846a4aa1d09140238184"
  dependencies:
    babel-plugin-transform-async-to-module-method "^6.4.0"
    babel-plugin-transform-es2015-block-scoped-functions "^6.3.13"
    babel-plugin-transform-es2015-computed-properties "^6.4.0"
    babel-plugin-transform-es2015-constants "^6.1.4"
    babel-plugin-transform-es2015-destructuring "^6.4.0"
    babel-plugin-transform-es2015-for-of "^6.3.13"
    babel-plugin-transform-es2015-function-name "^6.4.0"
    babel-plugin-transform-es2015-literals "^6.3.13"
    babel-plugin-transform-es2015-modules-commonjs "^6.4.0"
    babel-plugin-transform-es2015-object-super "^6.4.0"
    babel-plugin-transform-es2015-parameters "^6.4.2"
    babel-plugin-transform-es2015-shorthand-properties "^6.3.13"
    babel-plugin-transform-es2015-sticky-regex "^6.3.13"
    babel-plugin-transform-es2015-template-literals "^6.3.13"
    babel-plugin-transform-es2015-unicode-regex "^6.4.3"
    babel-plugin-transform-object-rest-spread "^6.3.13"
    babel-plugin-transform-strict-mode "^6.3.13"

babel-preset-react@^6.24.1:
  version "6.24.1"
  resolved "https://registry.yarnpkg.com/babel-preset-react/-/babel-preset-react-6.24.1.tgz#ba69dfaea45fc3ec639b6a4ecea6e17702c91380"
  dependencies:
    babel-plugin-syntax-jsx "^6.3.13"
    babel-plugin-transform-react-display-name "^6.23.0"
    babel-plugin-transform-react-jsx "^6.24.1"
    babel-plugin-transform-react-jsx-self "^6.22.0"
    babel-plugin-transform-react-jsx-source "^6.22.0"
    babel-preset-flow "^6.23.0"

babel-preset-stage-0@^6.24.1:
  version "6.24.1"
  resolved "https://registry.yarnpkg.com/babel-preset-stage-0/-/babel-preset-stage-0-6.24.1.tgz#5642d15042f91384d7e5af8bc88b1db95b039e6a"
  dependencies:
    babel-plugin-transform-do-expressions "^6.22.0"
    babel-plugin-transform-function-bind "^6.22.0"
    babel-preset-stage-1 "^6.24.1"

babel-runtime@^6.11.6:
  version "6.23.0"
  resolved "https://registry.yarnpkg.com/babel-runtime/-/babel-runtime-6.23.0.tgz#0a9489f144de70efb3ce4300accdb329e2fc543b"
  dependencies:
    core-js "^2.4.0"
    regenerator-runtime "^0.10.0"

bluebird@^3.5.0:
  version "3.5.0"
  resolved "https://registry.yarnpkg.com/bluebird/-/bluebird-3.5.0.tgz#791420d7f551eea2897453a8a77653f96606d67c"

bootflat@^2.0.4:
  version "2.0.4"
  resolved "https://registry.yarnpkg.com/bootflat/-/bootflat-2.0.4.tgz#06f432d501178c328dd400d4cad13729c02a954c"

classnames@^2.2.5:
  version "2.2.5"
  resolved "https://registry.yarnpkg.com/classnames/-/classnames-2.2.5.tgz#fb3801d453467649ef3603c7d61a02bd129bde6d"

core-js@^2.4.0:
  version "2.4.1"
  resolved "https://registry.yarnpkg.com/core-js/-/core-js-2.4.1.tgz#4de911e667b0eae9124e34254b53aea6fc618d3e"

dom-helpers@^3.2.0:
  version "3.2.1"
  resolved "https://registry.yarnpkg.com/dom-helpers/-/dom-helpers-3.2.1.tgz#3203e07fed217bd1f424b019735582fc37b2825a"

esformatter-align@^0.2.3:
  version "0.2.3"
  resolved "https://registry.yarnpkg.com/esformatter-align/-/esformatter-align-0.2.3.tgz#06e3c815c701fdade3ec416f792bba25a65156c2"
  dependencies:
    array-flatten "^2.0.0"
    rocambole "^0.7.0"

esformatter-jsx@^8.0.0:
  version "8.0.0"
  resolved "https://registry.yarnpkg.com/esformatter-jsx/-/esformatter-jsx-8.0.0.tgz#eaca04a14e394bd8ec8f8a0dfaeea1547205d903"
  dependencies:
    babylon "6.14.1"
    esformatter-ignore "^0.1.3"
    extend "3.0.0"
    js-beautify "1.6.12"
    js-beautify-ejsx "1.6.12"

esformatter-onevar@^0.2.0-dev:
  version "0.2.0-dev"
  resolved "https://registry.yarnpkg.com/esformatter-onevar/-/esformatter-onevar-0.2.0-dev.tgz#4e37c58062f32ddf1764f4b8b1f2b6772300fb49"
  dependencies:
    esformatter-braces "^1.2.1"
    estraverse "^4.2.0"
    rocambole-token "~1.2.1"

esformatter@^0.10.0:
  version "0.10.0"
  resolved "https://registry.yarnpkg.com/esformatter/-/esformatter-0.10.0.tgz#e321ecc3d94083372cdfcf5c6f942cef6fec59d3"
  dependencies:
    acorn-to-esprima "^2.0.6"
    babel-traverse "^6.4.5"
    debug "^0.7.4"
    disparity "^2.0.0"
    esformatter-parser "^1.0.0"
    glob "^7.0.5"
    minimatch "^3.0.2"
    minimist "^1.1.1"
    mout ">=0.9 <2.0"
    npm-run "^3.0.0"
    resolve "^1.1.5"
    rocambole ">=0.7 <2.0"
    rocambole-indent "^2.0.4"
    rocambole-linebreak "^1.0.2"
    rocambole-node "~1.0"
    rocambole-token "^1.1.2"
    rocambole-whitespace "^1.0.0"
    stdin "*"
    strip-json-comments "~0.1.1"
    supports-color "^1.3.1"
    user-home "^2.0.0"

eslint-config-airbnb@^14.1.0:
  version "14.1.0"
  resolved "https://registry.yarnpkg.com/eslint-config-airbnb/-/eslint-config-airbnb-14.1.0.tgz#355d290040bbf8e00bf8b4b19f4b70cbe7c2317f"
  dependencies:
    eslint-config-airbnb-base "^11.1.0"

eslint-plugin-destructuring@^2.1.0:
  version "2.1.0"
  resolved "https://registry.yarnpkg.com/eslint-plugin-destructuring/-/eslint-plugin-destructuring-2.1.0.tgz#f6f8b3925120ecaf376c68d6bc6a9d30defa6aba"
  dependencies:
    lodash.zipobject "^4.1.3"

eslint-plugin-import@^2.2.0:
  version "2.2.0"
  resolved "https://registry.yarnpkg.com/eslint-plugin-import/-/eslint-plugin-import-2.2.0.tgz#72ba306fad305d67c4816348a4699a4229ac8b4e"
  dependencies:
    builtin-modules "^1.1.1"
    contains-path "^0.1.0"
    debug "^2.2.0"
    doctrine "1.5.0"
    eslint-import-resolver-node "^0.2.0"
    eslint-module-utils "^2.0.0"
    has "^1.0.1"
    lodash.cond "^4.3.0"
    minimatch "^3.0.3"
    pkg-up "^1.0.0"

eslint-plugin-jsx-a11y@^3.0.2:
  version "3.0.2"
  resolved "https://registry.yarnpkg.com/eslint-plugin-jsx-a11y/-/eslint-plugin-jsx-a11y-3.0.2.tgz#9f0eabcafde3d2a2600d96a66adb90d099e841fe"
  dependencies:
    damerau-levenshtein "^1.0.0"
    jsx-ast-utils "^1.0.0"
    object-assign "^4.0.1"

eslint-plugin-react@^7.0.1:
  version "7.0.1"
  resolved "https://registry.yarnpkg.com/eslint-plugin-react/-/eslint-plugin-react-7.0.1.tgz#e78107e1e559c6e2b17786bb67c2e2a010ad0d2f"
  dependencies:
    doctrine "^2.0.0"
    has "^1.0.1"
    jsx-ast-utils "^1.3.4"

eslint@^3.19.0:
  version "3.19.0"
  resolved "https://registry.yarnpkg.com/eslint/-/eslint-3.19.0.tgz#c8fc6201c7f40dd08941b87c085767386a679acc"
  dependencies:
    babel-code-frame "^6.16.0"
    chalk "^1.1.3"
    concat-stream "^1.5.2"
    debug "^2.1.1"
    doctrine "^2.0.0"
    escope "^3.6.0"
    espree "^3.4.0"
    esquery "^1.0.0"
    estraverse "^4.2.0"
    esutils "^2.0.2"
    file-entry-cache "^2.0.0"
    glob "^7.0.3"
    globals "^9.14.0"
    ignore "^3.2.0"
    imurmurhash "^0.1.4"
    inquirer "^0.12.0"
    is-my-json-valid "^2.10.0"
    is-resolvable "^1.0.0"
    js-yaml "^3.5.1"
    json-stable-stringify "^1.0.0"
    levn "^0.3.0"
    lodash "^4.0.0"
    mkdirp "^0.5.0"
    natural-compare "^1.4.0"
    optionator "^0.8.2"
    path-is-inside "^1.0.1"
    pluralize "^1.2.1"
    progress "^1.1.8"
    require-uncached "^1.0.2"
    shelljs "^0.7.5"
    strip-bom "^3.0.0"
    strip-json-comments "~2.0.1"
    table "^3.7.8"
    text-table "~0.2.0"
    user-home "^2.0.0"

global@^4.3.2:
  version "4.3.2"
  resolved "https://registry.yarnpkg.com/global/-/global-4.3.2.tgz#e76989268a6c74c38908b1305b10fc0e394e9d0f"
  dependencies:
    min-document "^2.19.0"
    process "~0.5.1"

invariant@^2.1.0, invariant@^2.2.1:
  version "2.2.2"
  resolved "https://registry.yarnpkg.com/invariant/-/invariant-2.2.2.tgz#9e1f56ac0acdb6bf303306f338be3b204ae60360"
  dependencies:
    loose-envify "^1.0.0"

keycode@^2.1.2:
  version "2.1.9"
  resolved "https://registry.yarnpkg.com/keycode/-/keycode-2.1.9.tgz#964a23c54e4889405b4861a5c9f0480d45141dfa"

lodash@^4.17.4:
  version "4.17.4"
  resolved "https://registry.yarnpkg.com/lodash/-/lodash-4.17.4.tgz#78203a4d1c328ae1d86dca6460e369b57f4055ae"

loose-envify@^1.0.0:
  version "1.3.1"
  resolved "https://registry.yarnpkg.com/loose-envify/-/loose-envify-1.3.1.tgz#d1a8ad33fa9ce0e713d65fdd0ac8b748d478c848"
  dependencies:
    js-tokens "^3.0.0"

prettier-eslint@^6.1.2:
  version "6.2.3"
  resolved "https://registry.yarnpkg.com/prettier-eslint/-/prettier-eslint-6.2.3.tgz#3f6acea5104712242b07b5d4646eeba77f5c42f1"
  dependencies:
    common-tags "^1.4.0"
    dlv "^1.1.0"
    eslint "^3.19.0"
    indent-string "^3.1.0"
    lodash.merge "^4.6.0"
    loglevel-colored-level-prefix "^1.0.0"
    prettier "^1.3.0"
    pretty-format "^19.0.0"
    require-relative "^0.8.7"

prettier-miscellaneous@^1.4.0:
  version "1.4.0"
  resolved "https://registry.yarnpkg.com/prettier-miscellaneous/-/prettier-miscellaneous-1.4.0.tgz#18ce13395dccb8b47419c493d17549d786330a9d"

prettier@^1.2.2:
  version "1.3.1"
  resolved "https://registry.yarnpkg.com/prettier/-/prettier-1.3.1.tgz#fa0ea84b45ac0ba6de6a1e4cecdcff900d563151"
  dependencies:
    ast-types "0.9.8"
    babel-code-frame "6.22.0"
    babylon "7.0.0-beta.8"
    chalk "1.1.3"
    esutils "2.0.2"
    flow-parser "0.45.0"
    get-stdin "5.0.1"
    glob "7.1.1"
    jest-validate "19.0.0"
    minimist "1.2.0"

prop-types@^15.5.6, prop-types@^15.5.8:
  version "15.5.10"
  resolved "https://registry.yarnpkg.com/prop-types/-/prop-types-15.5.10.tgz#2797dfc3126182e3a95e3dfbb2e893ddd7456154"
  dependencies:
    fbjs "^0.8.9"
    loose-envify "^1.3.1"

react-autocomplete-cli@*:
  version "0.0.3"
  resolved "https://registry.yarnpkg.com/react-autocomplete-cli/-/react-autocomplete-cli-0.0.3.tgz#0cbcbe19ec2dae96c8a3763fc86f980dbdedff1a"
  dependencies:
    react-docgen "^2.9.1"
    shelljs "^0.7.0"
    yargs "^4.7.1"

react-bootstrap@^0.31.0:
  version "0.31.0"
  resolved "https://registry.yarnpkg.com/react-bootstrap/-/react-bootstrap-0.31.0.tgz#bbca804c0404d9c640102b2b656ae4cd5bea35c8"
  dependencies:
    babel-runtime "^6.11.6"
    classnames "^2.2.5"
    dom-helpers "^3.2.0"
    invariant "^2.2.1"
    keycode "^2.1.2"
    prop-types "^15.5.6"
    react-overlays "^0.7.0"
    react-prop-types "^0.4.0"
    uncontrollable "^4.1.0"
    warning "^3.0.0"

react-dom@^15.5.4:
  version "15.5.4"
  resolved "https://registry.yarnpkg.com/react-dom/-/react-dom-15.5.4.tgz#ba0c28786fd52ed7e4f2135fe0288d462aef93da"
  dependencies:
    fbjs "^0.8.9"
    loose-envify "^1.1.0"
    object-assign "^4.1.0"
    prop-types "~15.5.7"

react-icons@^2.2.3:
  version "2.2.5"
  resolved "https://registry.yarnpkg.com/react-icons/-/react-icons-2.2.5.tgz#f942501c21a4cc0456ce2bbee5032c93f6051dcf"
  dependencies:
    react-icon-base "2.0.7"

react-overlays@^0.7.0:
  version "0.7.0"
  resolved "https://registry.yarnpkg.com/react-overlays/-/react-overlays-0.7.0.tgz#531898ff566c7e5c7226ead2863b8cf9fbb5a981"
  dependencies:
    classnames "^2.2.5"
    dom-helpers "^3.2.0"
    prop-types "^15.5.8"
    react-prop-types "^0.4.0"
    warning "^3.0.0"

react-prop-types@^0.4.0:
  version "0.4.0"
  resolved "https://registry.yarnpkg.com/react-prop-types/-/react-prop-types-0.4.0.tgz#f99b0bfb4006929c9af2051e7c1414a5c75b93d0"
  dependencies:
    warning "^3.0.0"

react-redux@^5.0.4:
  version "5.0.5"
  resolved "https://registry.yarnpkg.com/react-redux/-/react-redux-5.0.5.tgz#f8e8c7b239422576e52d6b7db06439469be9846a"
  dependencies:
    create-react-class "^15.5.3"
    hoist-non-react-statics "^1.0.3"
    invariant "^2.0.0"
    lodash "^4.2.0"
    lodash-es "^4.2.0"
    loose-envify "^1.1.0"
    prop-types "^15.5.10"

react-scripts@0.9.5:
  version "0.9.5"
  resolved "https://registry.yarnpkg.com/react-scripts/-/react-scripts-0.9.5.tgz#e9f05c8427e27131662a9b9d7a9786d1ff16bb3f"
  dependencies:
    autoprefixer "6.7.2"
    babel-core "6.22.1"
    babel-eslint "7.1.1"
    babel-jest "18.0.0"
    babel-loader "6.2.10"
    babel-preset-react-app "^2.2.0"
    babel-runtime "^6.20.0"
    case-sensitive-paths-webpack-plugin "1.1.4"
    chalk "1.1.3"
    connect-history-api-fallback "1.3.0"
    cross-spawn "4.0.2"
    css-loader "0.26.1"
    detect-port "1.1.0"
    dotenv "2.0.0"
    eslint "3.16.1"
    eslint-config-react-app "^0.6.2"
    eslint-loader "1.6.0"
    eslint-plugin-flowtype "2.21.0"
    eslint-plugin-import "2.0.1"
    eslint-plugin-jsx-a11y "4.0.0"
    eslint-plugin-react "6.4.1"
    extract-text-webpack-plugin "1.0.1"
    file-loader "0.10.0"
    fs-extra "0.30.0"
    html-webpack-plugin "2.24.0"
    http-proxy-middleware "0.17.3"
    jest "18.1.0"
    json-loader "0.5.4"
    object-assign "4.1.1"
    postcss-loader "1.2.2"
    promise "7.1.1"
    react-dev-utils "^0.5.2"
    style-loader "0.13.1"
    url-loader "0.5.7"
    webpack "1.14.0"
    webpack-dev-server "1.16.2"
    webpack-manifest-plugin "1.1.0"
    whatwg-fetch "2.0.2"
  optionalDependencies:
    fsevents "1.0.17"

react@^15.5.4:
  version "15.5.4"
  resolved "https://registry.yarnpkg.com/react/-/react-15.5.4.tgz#fa83eb01506ab237cdc1c8c3b1cea8de012bf047"
  dependencies:
    fbjs "^0.8.9"
    loose-envify "^1.1.0"
    object-assign "^4.1.0"
    prop-types "^15.5.7"

redux@^3.6.0:
  version "3.6.0"
  resolved "https://registry.yarnpkg.com/redux/-/redux-3.6.0.tgz#887c2b3d0b9bd86eca2be70571c27654c19e188d"
  dependencies:
    lodash "^4.2.1"
    lodash-es "^4.2.1"
    loose-envify "^1.1.0"
    symbol-observable "^1.0.2"

regenerator-runtime@^0.10.0:
  version "0.10.5"
  resolved "https://registry.yarnpkg.com/regenerator-runtime/-/regenerator-runtime-0.10.5.tgz#336c3efc1220adcedda2c9fab67b5a7955a33658"

tern@^0.21.0:
  version "0.21.0"
  resolved "https://registry.yarnpkg.com/tern/-/tern-0.21.0.tgz#809c87a826e112494398cf8894f7c2d1b3464eb7"
  dependencies:
    acorn "^4.0.9"
    enhanced-resolve "^2.2.2"
    glob "^7.1.1"
    minimatch "^3.0.3"
    resolve-from "2.0.0"

uncontrollable@^4.1.0:
  version "4.1.0"
  resolved "https://registry.yarnpkg.com/uncontrollable/-/uncontrollable-4.1.0.tgz#e0358291252e1865222d90939b19f2f49f81c1a9"
  dependencies:
    invariant "^2.1.0"

warning@^3.0.0:
  version "3.0.0"
  resolved "https://registry.yarnpkg.com/warning/-/warning-3.0.0.tgz#32e5377cb572de4ab04753bdf8821c01ed605b7c"
  dependencies:
    loose-envify "^1.0.0"
